
Microsoft Visual Studio Solution File, Format Version 12.00
Project("{FAE04EC0-301F-11D3-BF4B-00C04F79EFBC}") = "Taxually-Linux-Function-Test-App", "Taxually-Linux-Function-Test-App\Taxually-Linux-Function-Test-App.csproj", "{12DC9FCD-ED27-4E51-A4F2-59EF72001805}"
EndProject
Global
	GlobalSection(SolutionConfigurationPlatforms) = preSolution
		Debug|Any CPU = Debug|Any CPU
		Release|Any CPU = Release|Any CPU
	EndGlobalSection
	GlobalSection(ProjectConfigurationPlatforms) = postSolution
		{12DC9FCD-ED27-4E51-A4F2-59EF72001805}.Debug|Any CPU.ActiveCfg = Debug|Any CPU
		{12DC9FCD-ED27-4E51-A4F2-59EF72001805}.Debug|Any CPU.Build.0 = Debug|Any CPU
		{12DC9FCD-ED27-4E51-A4F2-59EF72001805}.Release|Any CPU.ActiveCfg = Release|Any CPU
		{12DC9FCD-ED27-4E51-A4F2-59EF72001805}.Release|Any CPU.Build.0 = Release|Any CPU
	EndGlobalSection
EndGlobal
